
Microsoft Visual Studio Solution File, Format Version 12.00
# Visual Studio Version 17
VisualStudioVersion = 17.3.32929.385
MinimumVisualStudioVersion = 10.0.40219.1
Project("{FAE04EC0-301F-11D3-BF4B-00C04F79EFBC}") = "työntekijä8", "työntekijä8\työntekijä8.csproj", "{63A7B963-154A-4038-AF94-3133C2E04C4B}"
EndProject
Global
	GlobalSection(SolutionConfigurationPlatforms) = preSolution
		Debug|Any CPU = Debug|Any CPU
		Release|Any CPU = Release|Any CPU
	EndGlobalSection
	GlobalSection(ProjectConfigurationPlatforms) = postSolution
		{63A7B963-154A-4038-AF94-3133C2E04C4B}.Debug|Any CPU.ActiveCfg = Debug|Any CPU
		{63A7B963-154A-4038-AF94-3133C2E04C4B}.Debug|Any CPU.Build.0 = Debug|Any CPU
		{63A7B963-154A-4038-AF94-3133C2E04C4B}.Release|Any CPU.ActiveCfg = Release|Any CPU
		{63A7B963-154A-4038-AF94-3133C2E04C4B}.Release|Any CPU.Build.0 = Release|Any CPU
	EndGlobalSection
	GlobalSection(SolutionProperties) = preSolution
		HideSolutionNode = FALSE
	EndGlobalSection
	GlobalSection(ExtensibilityGlobals) = postSolution
		SolutionGuid = {7FEE4A5B-53DB-4A83-B3F5-E0ACB4160F99}
	EndGlobalSection
EndGlobal
