
Microsoft Visual Studio Solution File, Format Version 12.00
# Visual Studio Version 17
VisualStudioVersion = 17.3.32929.385
MinimumVisualStudioVersion = 10.0.40219.1
Project("{FAE04EC0-301F-11D3-BF4B-00C04F79EFBC}") = "Wpftehtävä15", "Wpftehtävä15\Wpftehtävä15.csproj", "{33367C92-29B1-44A6-9D9A-1DAC6CC54272}"
EndProject
Global
	GlobalSection(SolutionConfigurationPlatforms) = preSolution
		Debug|Any CPU = Debug|Any CPU
		Release|Any CPU = Release|Any CPU
	EndGlobalSection
	GlobalSection(ProjectConfigurationPlatforms) = postSolution
		{33367C92-29B1-44A6-9D9A-1DAC6CC54272}.Debug|Any CPU.ActiveCfg = Debug|Any CPU
		{33367C92-29B1-44A6-9D9A-1DAC6CC54272}.Debug|Any CPU.Build.0 = Debug|Any CPU
		{33367C92-29B1-44A6-9D9A-1DAC6CC54272}.Release|Any CPU.ActiveCfg = Release|Any CPU
		{33367C92-29B1-44A6-9D9A-1DAC6CC54272}.Release|Any CPU.Build.0 = Release|Any CPU
	EndGlobalSection
	GlobalSection(SolutionProperties) = preSolution
		HideSolutionNode = FALSE
	EndGlobalSection
	GlobalSection(ExtensibilityGlobals) = postSolution
		SolutionGuid = {F4FA3F86-B72D-49AD-B6BF-D44845AA5C79}
	EndGlobalSection
EndGlobal
